{
  "originHash" : "4c8fde784f8a6b90d95922acadf5146b3367b00d45244acdb4e4e532eb9b1bc7",
  "pins" : [
    {
      "identity" : "colorkit",
      "kind" : "remoteSourceControl",
      "location" : "https://github.com/Boris-Em/ColorKit.git",
      "state" : {
        "revision" : "d9c3a546c40f31b5f2c624603fa03f56904e2dc2",
        "version" : "1.0.0"
      }
    },
    {
      "identity" : "dominantcolor",
      "kind" : "remoteSourceControl",
      "location" : "https://github.com/indragiek/DominantColor.git",
      "state" : {
        "revision" : "aadc3d48c1f7f8abc7d03561d42c19188b1d4625",
        "version" : "0.2.2"
      }
    }
  ],
  "version" : 3
}
